// !$*UTF8*$!
{
	archiveVersion = 1;
	classes = {
	};
	objectVersion = 56;
	objects = {

/* Begin PBXBuildFile section */
		384D2FB42D7D8BE1007E3821 /* BeautifulRandom.docc in Sources */ = {isa = PBXBuildFile; fileRef = 384D2FB32D7D8BE1007E3821 /* BeautifulRandom.docc */; };
		384D2FBA2D7D8BE2007E3821 /* BeautifulRandom.framework in Frameworks */ = {isa = PBXBuildFile; fileRef = 384D2FAF2D7D8BE1007E3821 /* BeautifulRandom.framework */; };
		384D2FBF2D7D8BE2007E3821 /* BeautifulRandomTests.swift in Sources */ = {isa = PBXBuildFile; fileRef = 384D2FBE2D7D8BE2007E3821 /* BeautifulRandomTests.swift */; };
		384D2FC02D7D8BE2007E3821 /* BeautifulRandom.h in Headers */ = {isa = PBXBuildFile; fileRef = 384D2FB22D7D8BE1007E3821 /* BeautifulRandom.h */; settings = {ATTRIBUTES = (Public, ); }; };
		384D2FE32D7D8FC0007E3821 /* AudioVisualizer.swift in Sources */ = {isa = PBXBuildFile; fileRef = 384D2FDE2D7D8FC0007E3821 /* AudioVisualizer.swift */; };
		384D2FE42D7D8FC0007E3821 /* AudioVisualizer.swift in Sources */ = {isa = PBXBuildFile; fileRef = 384D2FDE2D7D8FC0007E3821 /* AudioVisualizer.swift */; };
		384D2FE72D7D8FC0007E3821 /* RandomGenerator.swift in Sources */ = {isa = PBXBuildFile; fileRef = 384D2FE12D7D8FC0007E3821 /* RandomGenerator.swift */; };
		384D2FE82D7D8FC0007E3821 /* RandomGenerator.swift in Sources */ = {isa = PBXBuildFile; fileRef = 384D2FE12D7D8FC0007E3821 /* RandomGenerator.swift */; };
		384D2FF02D7D8FFC007E3821 /* BeautifulRandomExamplesApp.swift in Sources */ = {isa = PBXBuildFile; fileRef = 384D2FEF2D7D8FFC007E3821 /* BeautifulRandomExamplesApp.swift */; };
		384D2FF22D7D8FFC007E3821 /* ContentView.swift in Sources */ = {isa = PBXBuildFile; fileRef = 384D2FF12D7D8FFC007E3821 /* ContentView.swift */; };
		384D2FF42D7D8FFF007E3821 /* Assets.xcassets in Resources */ = {isa = PBXBuildFile; fileRef = 384D2FF32D7D8FFF007E3821 /* Assets.xcassets */; };
		384D2FF72D7D8FFF007E3821 /* Preview Assets.xcassets in Resources */ = {isa = PBXBuildFile; fileRef = 384D2FF62D7D8FFF007E3821 /* Preview Assets.xcassets */; };
		384D2FFE2D7D9052007E3821 /* BeautifulRandom.framework in Frameworks */ = {isa = PBXBuildFile; fileRef = 384D2FAF2D7D8BE1007E3821 /* BeautifulRandom.framework */; };
		384D2FFF2D7D9052007E3821 /* BeautifulRandom.framework in Embed Frameworks */ = {isa = PBXBuildFile; fileRef = 384D2FAF2D7D8BE1007E3821 /* BeautifulRandom.framework */; settings = {ATTRIBUTES = (CodeSignOnCopy, RemoveHeadersOnCopy, ); }; };
		384D30062D7D931B007E3821 /* AudioVisualizerView.swift in Sources */ = {isa = PBXBuildFile; fileRef = 384D30032D7D931B007E3821 /* AudioVisualizerView.swift */; };
		384D30092D7DC87B007E3821 /* RadarView.swift in Sources */ = {isa = PBXBuildFile; fileRef = 384D30082D7DC87B007E3821 /* RadarView.swift */; };
		384D300B2D7DC880007E3821 /* RadarScanner.swift in Sources */ = {isa = PBXBuildFile; fileRef = 384D300A2D7DC880007E3821 /* RadarScanner.swift */; };
		384D300E2D7DD0CF007E3821 /* RainEffectView.swift in Sources */ = {isa = PBXBuildFile; fileRef = 384D300C2D7DD0CF007E3821 /* RainEffectView.swift */; };
		384D300F2D7DD0CF007E3821 /* SnowEffectView.swift in Sources */ = {isa = PBXBuildFile; fileRef = 384D300D2D7DD0CF007E3821 /* SnowEffectView.swift */; };
		384D30122D7DD0D6007E3821 /* SnowGenerator.swift in Sources */ = {isa = PBXBuildFile; fileRef = 384D30102D7DD0D6007E3821 /* SnowGenerator.swift */; };
		384D30132D7DD0D6007E3821 /* RainGenerator.swift in Sources */ = {isa = PBXBuildFile; fileRef = 384D30112D7DD0D6007E3821 /* RainGenerator.swift */; };
/* End PBXBuildFile section */

/* Begin PBXContainerItemProxy section */
		384D2FBB2D7D8BE2007E3821 /* PBXContainerItemProxy */ = {
			isa = PBXContainerItemProxy;
			containerPortal = 384D2FA62D7D8BE1007E3821 /* Project object */;
			proxyType = 1;
			remoteGlobalIDString = 384D2FAE2D7D8BE1007E3821;
			remoteInfo = BeautifulRandom;
		};
		384D30002D7D9052007E3821 /* PBXContainerItemProxy */ = {
			isa = PBXContainerItemProxy;
			containerPortal = 384D2FA62D7D8BE1007E3821 /* Project object */;
			proxyType = 1;
			remoteGlobalIDString = 384D2FAE2D7D8BE1007E3821;
			remoteInfo = BeautifulRandom;
		};
/* End PBXContainerItemProxy section */

/* Begin PBXCopyFilesBuildPhase section */
		384D30022D7D9052007E3821 /* Embed Frameworks */ = {
			isa = PBXCopyFilesBuildPhase;
			buildActionMask = 2147483647;
			dstPath = "";
			dstSubfolderSpec = 10;
			files = (
				384D2FFF2D7D9052007E3821 /* BeautifulRandom.framework in Embed Frameworks */,
			);
			name = "Embed Frameworks";
			runOnlyForDeploymentPostprocessing = 0;
		};
/* End PBXCopyFilesBuildPhase section */

/* Begin PBXFileReference section */
		384D2FAF2D7D8BE1007E3821 /* BeautifulRandom.framework */ = {isa = PBXFileReference; explicitFileType = wrapper.framework; includeInIndex = 0; path = BeautifulRandom.framework; sourceTree = BUILT_PRODUCTS_DIR; };
		384D2FB22D7D8BE1007E3821 /* BeautifulRandom.h */ = {isa = PBXFileReference; lastKnownFileType = sourcecode.c.h; path = BeautifulRandom.h; sourceTree = "<group>"; };
		384D2FB32D7D8BE1007E3821 /* BeautifulRandom.docc */ = {isa = PBXFileReference; lastKnownFileType = folder.documentationcatalog; path = BeautifulRandom.docc; sourceTree = "<group>"; };
		384D2FB92D7D8BE2007E3821 /* BeautifulRandomTests.xctest */ = {isa = PBXFileReference; explicitFileType = wrapper.cfbundle; includeInIndex = 0; path = BeautifulRandomTests.xctest; sourceTree = BUILT_PRODUCTS_DIR; };
		384D2FBE2D7D8BE2007E3821 /* BeautifulRandomTests.swift */ = {isa = PBXFileReference; lastKnownFileType = sourcecode.swift; path = BeautifulRandomTests.swift; sourceTree = "<group>"; };
		384D2FDE2D7D8FC0007E3821 /* AudioVisualizer.swift */ = {isa = PBXFileReference; fileEncoding = 4; lastKnownFileType = sourcecode.swift; path = AudioVisualizer.swift; sourceTree = "<group>"; };
		384D2FE12D7D8FC0007E3821 /* RandomGenerator.swift */ = {isa = PBXFileReference; fileEncoding = 4; lastKnownFileType = sourcecode.swift; path = RandomGenerator.swift; sourceTree = "<group>"; };
		384D2FED2D7D8FFC007E3821 /* BeautifulRandomExamples.app */ = {isa = PBXFileReference; explicitFileType = wrapper.application; includeInIndex = 0; path = BeautifulRandomExamples.app; sourceTree = BUILT_PRODUCTS_DIR; };
		384D2FEF2D7D8FFC007E3821 /* BeautifulRandomExamplesApp.swift */ = {isa = PBXFileReference; lastKnownFileType = sourcecode.swift; path = BeautifulRandomExamplesApp.swift; sourceTree = "<group>"; };
		384D2FF12D7D8FFC007E3821 /* ContentView.swift */ = {isa = PBXFileReference; lastKnownFileType = sourcecode.swift; path = ContentView.swift; sourceTree = "<group>"; };
		384D2FF32D7D8FFF007E3821 /* Assets.xcassets */ = {isa = PBXFileReference; lastKnownFileType = folder.assetcatalog; path = Assets.xcassets; sourceTree = "<group>"; };
		384D2FF62D7D8FFF007E3821 /* Preview Assets.xcassets */ = {isa = PBXFileReference; lastKnownFileType = folder.assetcatalog; path = "Preview Assets.xcassets"; sourceTree = "<group>"; };
		384D30032D7D931B007E3821 /* AudioVisualizerView.swift */ = {isa = PBXFileReference; fileEncoding = 4; lastKnownFileType = sourcecode.swift; path = AudioVisualizerView.swift; sourceTree = "<group>"; };
		384D30082D7DC87B007E3821 /* RadarView.swift */ = {isa = PBXFileReference; fileEncoding = 4; lastKnownFileType = sourcecode.swift; path = RadarView.swift; sourceTree = "<group>"; };
		384D300A2D7DC880007E3821 /* RadarScanner.swift */ = {isa = PBXFileReference; fileEncoding = 4; lastKnownFileType = sourcecode.swift; path = RadarScanner.swift; sourceTree = "<group>"; };
		384D300C2D7DD0CF007E3821 /* RainEffectView.swift */ = {isa = PBXFileReference; fileEncoding = 4; lastKnownFileType = sourcecode.swift; path = RainEffectView.swift; sourceTree = "<group>"; };
		384D300D2D7DD0CF007E3821 /* SnowEffectView.swift */ = {isa = PBXFileReference; fileEncoding = 4; lastKnownFileType = sourcecode.swift; path = SnowEffectView.swift; sourceTree = "<group>"; };
		384D30102D7DD0D6007E3821 /* SnowGenerator.swift */ = {isa = PBXFileReference; fileEncoding = 4; lastKnownFileType = sourcecode.swift; path = SnowGenerator.swift; sourceTree = "<group>"; };
		384D30112D7DD0D6007E3821 /* RainGenerator.swift */ = {isa = PBXFileReference; fileEncoding = 4; lastKnownFileType = sourcecode.swift; path = RainGenerator.swift; sourceTree = "<group>"; };
/* End PBXFileReference section */

/* Begin PBXFrameworksBuildPhase section */
		384D2FAC2D7D8BE1007E3821 /* Frameworks */ = {
			isa = PBXFrameworksBuildPhase;
			buildActionMask = 2147483647;
			files = (
			);
			runOnlyForDeploymentPostprocessing = 0;
		};
		384D2FB62D7D8BE2007E3821 /* Frameworks */ = {
			isa = PBXFrameworksBuildPhase;
			buildActionMask = 2147483647;
			files = (
				384D2FBA2D7D8BE2007E3821 /* BeautifulRandom.framework in Frameworks */,
			);
			runOnlyForDeploymentPostprocessing = 0;
		};
		384D2FEA2D7D8FFC007E3821 /* Frameworks */ = {
			isa = PBXFrameworksBuildPhase;
			buildActionMask = 2147483647;
			files = (
				384D2FFE2D7D9052007E3821 /* BeautifulRandom.framework in Frameworks */,
			);
			runOnlyForDeploymentPostprocessing = 0;
		};
/* End PBXFrameworksBuildPhase section */

/* Begin PBXGroup section */
		384D2FA52D7D8BE1007E3821 = {
			isa = PBXGroup;
			children = (
				384D2FB12D7D8BE1007E3821 /* BeautifulRandom */,
				384D2FBD2D7D8BE2007E3821 /* BeautifulRandomTests */,
				384D2FEE2D7D8FFC007E3821 /* BeautifulRandomExamples */,
				384D2FB02D7D8BE1007E3821 /* Products */,
				384D2FFD2D7D9052007E3821 /* Frameworks */,
			);
			sourceTree = "<group>";
		};
		384D2FB02D7D8BE1007E3821 /* Products */ = {
			isa = PBXGroup;
			children = (
				384D2FAF2D7D8BE1007E3821 /* BeautifulRandom.framework */,
				384D2FB92D7D8BE2007E3821 /* BeautifulRandomTests.xctest */,
				384D2FED2D7D8FFC007E3821 /* BeautifulRandomExamples.app */,
			);
			name = Products;
			sourceTree = "<group>";
		};
		384D2FB12D7D8BE1007E3821 /* BeautifulRandom */ = {
			isa = PBXGroup;
			children = (
				384D2FB22D7D8BE1007E3821 /* BeautifulRandom.h */,
				384D2FE22D7D8FC0007E3821 /* Sources */,
				384D2FB32D7D8BE1007E3821 /* BeautifulRandom.docc */,
			);
			path = BeautifulRandom;
			sourceTree = "<group>";
		};
		384D2FBD2D7D8BE2007E3821 /* BeautifulRandomTests */ = {
			isa = PBXGroup;
			children = (
				384D2FBE2D7D8BE2007E3821 /* BeautifulRandomTests.swift */,
			);
			path = BeautifulRandomTests;
			sourceTree = "<group>";
		};
		384D2FE02D7D8FC0007E3821 /* Effects */ = {
			isa = PBXGroup;
			children = (
				384D2FDE2D7D8FC0007E3821 /* AudioVisualizer.swift */,
				384D300A2D7DC880007E3821 /* RadarScanner.swift */,
				384D30112D7DD0D6007E3821 /* RainGenerator.swift */,
				384D30102D7DD0D6007E3821 /* SnowGenerator.swift */,
			);
			path = Effects;
			sourceTree = "<group>";
		};
		384D2FE22D7D8FC0007E3821 /* Sources */ = {
			isa = PBXGroup;
			children = (
				384D2FE02D7D8FC0007E3821 /* Effects */,
				384D2FE12D7D8FC0007E3821 /* RandomGenerator.swift */,
			);
			path = Sources;
			sourceTree = "<group>";
		};
		384D2FEE2D7D8FFC007E3821 /* BeautifulRandomExamples */ = {
			isa = PBXGroup;
			children = (
				384D2FEF2D7D8FFC007E3821 /* BeautifulRandomExamplesApp.swift */,
				384D2FF12D7D8FFC007E3821 /* ContentView.swift */,
				384D30052D7D931B007E3821 /* Views */,
				384D2FF32D7D8FFF007E3821 /* Assets.xcassets */,
				384D2FF52D7D8FFF007E3821 /* Preview Content */,
			);
			path = BeautifulRandomExamples;
			sourceTree = "<group>";
		};
		384D2FF52D7D8FFF007E3821 /* Preview Content */ = {
			isa = PBXGroup;
			children = (
				384D2FF62D7D8FFF007E3821 /* Preview Assets.xcassets */,
			);
			path = "Preview Content";
			sourceTree = "<group>";
		};
		384D2FFD2D7D9052007E3821 /* Frameworks */ = {
			isa = PBXGroup;
			children = (
			);
			name = Frameworks;
			sourceTree = "<group>";
		};
		384D30052D7D931B007E3821 /* Views */ = {
			isa = PBXGroup;
			children = (
				384D30032D7D931B007E3821 /* AudioVisualizerView.swift */,
				384D30082D7DC87B007E3821 /* RadarView.swift */,
				384D300C2D7DD0CF007E3821 /* RainEffectView.swift */,
				384D300D2D7DD0CF007E3821 /* SnowEffectView.swift */,
			);
			path = Views;
			sourceTree = "<group>";
		};
/* End PBXGroup section */

/* Begin PBXHeadersBuildPhase section */
		384D2FAA2D7D8BE1007E3821 /* Headers */ = {
			isa = PBXHeadersBuildPhase;
			buildActionMask = 2147483647;
			files = (
				384D2FC02D7D8BE2007E3821 /* BeautifulRandom.h in Headers */,
			);
			runOnlyForDeploymentPostprocessing = 0;
		};
/* End PBXHeadersBuildPhase section */

/* Begin PBXNativeTarget section */
		384D2FAE2D7D8BE1007E3821 /* BeautifulRandom */ = {
			isa = PBXNativeTarget;
			buildConfigurationList = 384D2FC32D7D8BE2007E3821 /* Build configuration list for PBXNativeTarget "BeautifulRandom" */;
			buildPhases = (
				384D2FAA2D7D8BE1007E3821 /* Headers */,
				384D2FAB2D7D8BE1007E3821 /* Sources */,
				384D2FAC2D7D8BE1007E3821 /* Frameworks */,
				384D2FAD2D7D8BE1007E3821 /* Resources */,
			);
			buildRules = (
			);
			dependencies = (
			);
			name = BeautifulRandom;
			productName = BeautifulRandom;
			productReference = 384D2FAF2D7D8BE1007E3821 /* BeautifulRandom.framework */;
			productType = "com.apple.product-type.framework";
		};
		384D2FB82D7D8BE2007E3821 /* BeautifulRandomTests */ = {
			isa = PBXNativeTarget;
			buildConfigurationList = 384D2FC62D7D8BE2007E3821 /* Build configuration list for PBXNativeTarget "BeautifulRandomTests" */;
			buildPhases = (
				384D2FB52D7D8BE2007E3821 /* Sources */,
				384D2FB62D7D8BE2007E3821 /* Frameworks */,
				384D2FB72D7D8BE2007E3821 /* Resources */,
			);
			buildRules = (
			);
			dependencies = (
				384D2FBC2D7D8BE2007E3821 /* PBXTargetDependency */,
			);
			name = BeautifulRandomTests;
			productName = BeautifulRandomTests;
			productReference = 384D2FB92D7D8BE2007E3821 /* BeautifulRandomTests.xctest */;
			productType = "com.apple.product-type.bundle.unit-test";
		};
		384D2FEC2D7D8FFC007E3821 /* BeautifulRandomExamples */ = {
			isa = PBXNativeTarget;
			buildConfigurationList = 384D2FF82D7D8FFF007E3821 /* Build configuration list for PBXNativeTarget "BeautifulRandomExamples" */;
			buildPhases = (
				384D2FE92D7D8FFC007E3821 /* Sources */,
				384D2FEA2D7D8FFC007E3821 /* Frameworks */,
				384D2FEB2D7D8FFC007E3821 /* Resources */,
				384D30022D7D9052007E3821 /* Embed Frameworks */,
			);
			buildRules = (
			);
			dependencies = (
				384D30012D7D9052007E3821 /* PBXTargetDependency */,
			);
			name = BeautifulRandomExamples;
			productName = BeautifulRandomExamples;
			productReference = 384D2FED2D7D8FFC007E3821 /* BeautifulRandomExamples.app */;
			productType = "com.apple.product-type.application";
		};
/* End PBXNativeTarget section */

/* Begin PBXProject section */
		384D2FA62D7D8BE1007E3821 /* Project object */ = {
			isa = PBXProject;
			attributes = {
				BuildIndependentTargetsInParallel = 1;
				LastSwiftUpdateCheck = 1540;
				LastUpgradeCheck = 1540;
				TargetAttributes = {
					384D2FAE2D7D8BE1007E3821 = {
						CreatedOnToolsVersion = 15.4;
					};
					384D2FB82D7D8BE2007E3821 = {
						CreatedOnToolsVersion = 15.4;
					};
					384D2FEC2D7D8FFC007E3821 = {
						CreatedOnToolsVersion = 15.4;
					};
				};
			};
			buildConfigurationList = 384D2FA92D7D8BE1007E3821 /* Build configuration list for PBXProject "BeautifulRandom" */;
			compatibilityVersion = "Xcode 14.0";
			developmentRegion = en;
			hasScannedForEncodings = 0;
			knownRegions = (
				en,
				Base,
			);
			mainGroup = 384D2FA52D7D8BE1007E3821;
			productRefGroup = 384D2FB02D7D8BE1007E3821 /* Products */;
			projectDirPath = "";
			projectRoot = "";
			targets = (
				384D2FAE2D7D8BE1007E3821 /* BeautifulRandom */,
				384D2FB82D7D8BE2007E3821 /* BeautifulRandomTests */,
				384D2FEC2D7D8FFC007E3821 /* BeautifulRandomExamples */,
			);
		};
/* End PBXProject section */

/* Begin PBXResourcesBuildPhase section */
		384D2FAD2D7D8BE1007E3821 /* Resources */ = {
			isa = PBXResourcesBuildPhase;
			buildActionMask = 2147483647;
			files = (
			);
			runOnlyForDeploymentPostprocessing = 0;
		};
		384D2FB72D7D8BE2007E3821 /* Resources */ = {
			isa = PBXResourcesBuildPhase;
			buildActionMask = 2147483647;
			files = (
			);
			runOnlyForDeploymentPostprocessing = 0;
		};
		384D2FEB2D7D8FFC007E3821 /* Resources */ = {
			isa = PBXResourcesBuildPhase;
			buildActionMask = 2147483647;
			files = (
				384D2FF72D7D8FFF007E3821 /* Preview Assets.xcassets in Resources */,
				384D2FF42D7D8FFF007E3821 /* Assets.xcassets in Resources */,
			);
			runOnlyForDeploymentPostprocessing = 0;
		};
/* End PBXResourcesBuildPhase section */

/* Begin PBXSourcesBuildPhase section */
		384D2FAB2D7D8BE1007E3821 /* Sources */ = {
			isa = PBXSourcesBuildPhase;
			buildActionMask = 2147483647;
			files = (
				384D30122D7DD0D6007E3821 /* SnowGenerator.swift in Sources */,
				384D30132D7DD0D6007E3821 /* RainGenerator.swift in Sources */,
				384D2FE32D7D8FC0007E3821 /* AudioVisualizer.swift in Sources */,
				384D300B2D7DC880007E3821 /* RadarScanner.swift in Sources */,
				384D2FE72D7D8FC0007E3821 /* RandomGenerator.swift in Sources */,
				384D2FB42D7D8BE1007E3821 /* BeautifulRandom.docc in Sources */,
			);
			runOnlyForDeploymentPostprocessing = 0;
		};
		384D2FB52D7D8BE2007E3821 /* Sources */ = {
			isa = PBXSourcesBuildPhase;
			buildActionMask = 2147483647;
			files = (
				384D2FE82D7D8FC0007E3821 /* RandomGenerator.swift in Sources */,
				384D2FE42D7D8FC0007E3821 /* AudioVisualizer.swift in Sources */,
				384D2FBF2D7D8BE2007E3821 /* BeautifulRandomTests.swift in Sources */,
			);
			runOnlyForDeploymentPostprocessing = 0;
		};
		384D2FE92D7D8FFC007E3821 /* Sources */ = {
			isa = PBXSourcesBuildPhase;
			buildActionMask = 2147483647;
			files = (
				384D30092D7DC87B007E3821 /* RadarView.swift in Sources */,
				384D30062D7D931B007E3821 /* AudioVisualizerView.swift in Sources */,
				384D300F2D7DD0CF007E3821 /* SnowEffectView.swift in Sources */,
				384D2FF22D7D8FFC007E3821 /* ContentView.swift in Sources */,
				384D300E2D7DD0CF007E3821 /* RainEffectView.swift in Sources */,
				384D2FF02D7D8FFC007E3821 /* BeautifulRandomExamplesApp.swift in Sources */,
			);
			runOnlyForDeploymentPostprocessing = 0;
		};
/* End PBXSourcesBuildPhase section */

/* Begin PBXTargetDependency section */
		384D2FBC2D7D8BE2007E3821 /* PBXTargetDependency */ = {
			isa = PBXTargetDependency;
			target = 384D2FAE2D7D8BE1007E3821 /* BeautifulRandom */;
			targetProxy = 384D2FBB2D7D8BE2007E3821 /* PBXContainerItemProxy */;
		};
		384D30012D7D9052007E3821 /* PBXTargetDependency */ = {
			isa = PBXTargetDependency;
			target = 384D2FAE2D7D8BE1007E3821 /* BeautifulRandom */;
			targetProxy = 384D30002D7D9052007E3821 /* PBXContainerItemProxy */;
		};
/* End PBXTargetDependency section */

/* Begin XCBuildConfiguration section */
		384D2FC12D7D8BE2007E3821 /* Debug */ = {
			isa = XCBuildConfiguration;
			buildSettings = {
				ALWAYS_SEARCH_USER_PATHS = NO;
				ASSETCATALOG_COMPILER_GENERATE_SWIFT_ASSET_SYMBOL_EXTENSIONS = YES;
				CLANG_ANALYZER_NONNULL = YES;
				CLANG_ANALYZER_NUMBER_OBJECT_CONVERSION = YES_AGGRESSIVE;
				CLANG_CXX_LANGUAGE_STANDARD = "gnu++20";
				CLANG_ENABLE_MODULES = YES;
				CLANG_ENABLE_OBJC_ARC = YES;
				CLANG_ENABLE_OBJC_WEAK = YES;
				CLANG_WARN_BLOCK_CAPTURE_AUTORELEASING = YES;
				CLANG_WARN_BOOL_CONVERSION = YES;
				CLANG_WARN_COMMA = YES;
				CLANG_WARN_CONSTANT_CONVERSION = YES;
				CLANG_WARN_DEPRECATED_OBJC_IMPLEMENTATIONS = YES;
				CLANG_WARN_DIRECT_OBJC_ISA_USAGE = YES_ERROR;
				CLANG_WARN_DOCUMENTATION_COMMENTS = YES;
				CLANG_WARN_EMPTY_BODY = YES;
				CLANG_WARN_ENUM_CONVERSION = YES;
				CLANG_WARN_INFINITE_RECURSION = YES;
				CLANG_WARN_INT_CONVERSION = YES;
				CLANG_WARN_NON_LITERAL_NULL_CONVERSION = YES;
				CLANG_WARN_OBJC_IMPLICIT_RETAIN_SELF = YES;
				CLANG_WARN_OBJC_LITERAL_CONVERSION = YES;
				CLANG_WARN_OBJC_ROOT_CLASS = YES_ERROR;
				CLANG_WARN_QUOTED_INCLUDE_IN_FRAMEWORK_HEADER = YES;
				CLANG_WARN_RANGE_LOOP_ANALYSIS = YES;
				CLANG_WARN_STRICT_PROTOTYPES = YES;
				CLANG_WARN_SUSPICIOUS_MOVE = YES;
				CLANG_WARN_UNGUARDED_AVAILABILITY = YES_AGGRESSIVE;
				CLANG_WARN_UNREACHABLE_CODE = YES;
				CLANG_WARN__DUPLICATE_METHOD_MATCH = YES;
				COPY_PHASE_STRIP = NO;
				CURRENT_PROJECT_VERSION = 1;
				DEBUG_INFORMATION_FORMAT = dwarf;
				ENABLE_STRICT_OBJC_MSGSEND = YES;
				ENABLE_TESTABILITY = YES;
				ENABLE_USER_SCRIPT_SANDBOXING = YES;
				GCC_C_LANGUAGE_STANDARD = gnu17;
				GCC_DYNAMIC_NO_PIC = NO;
				GCC_NO_COMMON_BLOCKS = YES;
				GCC_OPTIMIZATION_LEVEL = 0;
				GCC_PREPROCESSOR_DEFINITIONS = (
					"DEBUG=1",
					"$(inherited)",
				);
				GCC_WARN_64_TO_32_BIT_CONVERSION = YES;
				GCC_WARN_ABOUT_RETURN_TYPE = YES_ERROR;
				GCC_WARN_UNDECLARED_SELECTOR = YES;
				GCC_WARN_UNINITIALIZED_AUTOS = YES_AGGRESSIVE;
				GCC_WARN_UNUSED_FUNCTION = YES;
				GCC_WARN_UNUSED_VARIABLE = YES;
				IPHONEOS_DEPLOYMENT_TARGET = 16.0;
				LOCALIZATION_PREFERS_STRING_CATALOGS = YES;
				MTL_ENABLE_DEBUG_INFO = INCLUDE_SOURCE;
				MTL_FAST_MATH = YES;
				ONLY_ACTIVE_ARCH = YES;
				SDKROOT = iphoneos;
				SWIFT_ACTIVE_COMPILATION_CONDITIONS = "DEBUG $(inherited)";
				SWIFT_OPTIMIZATION_LEVEL = "-Onone";
				VERSIONING_SYSTEM = "apple-generic";
				VERSION_INFO_PREFIX = "";
			};
			name = Debug;
		};
		384D2FC22D7D8BE2007E3821 /* Release */ = {
			isa = XCBuildConfiguration;
			buildSettings = {
				ALWAYS_SEARCH_USER_PATHS = NO;
				ASSETCATALOG_COMPILER_GENERATE_SWIFT_ASSET_SYMBOL_EXTENSIONS = YES;
				CLANG_ANALYZER_NONNULL = YES;
				CLANG_ANALYZER_NUMBER_OBJECT_CONVERSION = YES_AGGRESSIVE;
				CLANG_CXX_LANGUAGE_STANDARD = "gnu++20";
				CLANG_ENABLE_MODULES = YES;
				CLANG_ENABLE_OBJC_ARC = YES;
				CLANG_ENABLE_OBJC_WEAK = YES;
				CLANG_WARN_BLOCK_CAPTURE_AUTORELEASING = YES;
				CLANG_WARN_BOOL_CONVERSION = YES;
				CLANG_WARN_COMMA = YES;
				CLANG_WARN_CONSTANT_CONVERSION = YES;
				CLANG_WARN_DEPRECATED_OBJC_IMPLEMENTATIONS = YES;
				CLANG_WARN_DIRECT_OBJC_ISA_USAGE = YES_ERROR;
				CLANG_WARN_DOCUMENTATION_COMMENTS = YES;
				CLANG_WARN_EMPTY_BODY = YES;
				CLANG_WARN_ENUM_CONVERSION = YES;
				CLANG_WARN_INFINITE_RECURSION = YES;
				CLANG_WARN_INT_CONVERSION = YES;
				CLANG_WARN_NON_LITERAL_NULL_CONVERSION = YES;
				CLANG_WARN_OBJC_IMPLICIT_RETAIN_SELF = YES;
				CLANG_WARN_OBJC_LITERAL_CONVERSION = YES;
				CLANG_WARN_OBJC_ROOT_CLASS = YES_ERROR;
				CLANG_WARN_QUOTED_INCLUDE_IN_FRAMEWORK_HEADER = YES;
				CLANG_WARN_RANGE_LOOP_ANALYSIS = YES;
				CLANG_WARN_STRICT_PROTOTYPES = YES;
				CLANG_WARN_SUSPICIOUS_MOVE = YES;
				CLANG_WARN_UNGUARDED_AVAILABILITY = YES_AGGRESSIVE;
				CLANG_WARN_UNREACHABLE_CODE = YES;
				CLANG_WARN__DUPLICATE_METHOD_MATCH = YES;
				COPY_PHASE_STRIP = NO;
				CURRENT_PROJECT_VERSION = 1;
				DEBUG_INFORMATION_FORMAT = "dwarf-with-dsym";
				ENABLE_NS_ASSERTIONS = NO;
				ENABLE_STRICT_OBJC_MSGSEND = YES;
				ENABLE_USER_SCRIPT_SANDBOXING = YES;
				GCC_C_LANGUAGE_STANDARD = gnu17;
				GCC_NO_COMMON_BLOCKS = YES;
				GCC_WARN_64_TO_32_BIT_CONVERSION = YES;
				GCC_WARN_ABOUT_RETURN_TYPE = YES_ERROR;
				GCC_WARN_UNDECLARED_SELECTOR = YES;
				GCC_WARN_UNINITIALIZED_AUTOS = YES_AGGRESSIVE;
				GCC_WARN_UNUSED_FUNCTION = YES;
				GCC_WARN_UNUSED_VARIABLE = YES;
				IPHONEOS_DEPLOYMENT_TARGET = 16.0;
				LOCALIZATION_PREFERS_STRING_CATALOGS = YES;
				MTL_ENABLE_DEBUG_INFO = NO;
				MTL_FAST_MATH = YES;
				SDKROOT = iphoneos;
				SWIFT_COMPILATION_MODE = wholemodule;
				VALIDATE_PRODUCT = YES;
				VERSIONING_SYSTEM = "apple-generic";
				VERSION_INFO_PREFIX = "";
			};
			name = Release;
		};
		384D2FC42D7D8BE2007E3821 /* Debug */ = {
			isa = XCBuildConfiguration;
			buildSettings = {
				BUILD_LIBRARY_FOR_DISTRIBUTION = YES;
				CODE_SIGN_STYLE = Automatic;
				CURRENT_PROJECT_VERSION = 1;
				DEFINES_MODULE = YES;
				DEVELOPMENT_TEAM = KH4728P4N3;
				DYLIB_COMPATIBILITY_VERSION = 1;
				DYLIB_CURRENT_VERSION = 1;
				DYLIB_INSTALL_NAME_BASE = "@rpath";
				ENABLE_MODULE_VERIFIER = YES;
				GENERATE_INFOPLIST_FILE = YES;
				INFOPLIST_KEY_NSHumanReadableCopyright = "";
				INSTALL_PATH = "$(LOCAL_LIBRARY_DIR)/Frameworks";
				IPHONEOS_DEPLOYMENT_TARGET = 16.0;
				LD_RUNPATH_SEARCH_PATHS = (
					"$(inherited)",
					"@executable_path/Frameworks",
					"@loader_path/Frameworks",
				);
				MARKETING_VERSION = 1.0;
				MODULE_VERIFIER_SUPPORTED_LANGUAGES = "objective-c objective-c++";
				MODULE_VERIFIER_SUPPORTED_LANGUAGE_STANDARDS = "gnu17 gnu++20";
				PRODUCT_BUNDLE_IDENTIFIER = com.WaterdropSophon.BeautifulRandom;
				PRODUCT_NAME = "$(TARGET_NAME:c99extidentifier)";
				SKIP_INSTALL = YES;
				SWIFT_EMIT_LOC_STRINGS = YES;
				SWIFT_INSTALL_OBJC_HEADER = NO;
				SWIFT_VERSION = 5.0;
				TARGETED_DEVICE_FAMILY = "1,2";
			};
			name = Debug;
		};
		384D2FC52D7D8BE2007E3821 /* Release */ = {
			isa = XCBuildConfiguration;
			buildSettings = {
				BUILD_LIBRARY_FOR_DISTRIBUTION = YES;
				CODE_SIGN_STYLE = Automatic;
				CURRENT_PROJECT_VERSION = 1;
				DEFINES_MODULE = YES;
				DEVELOPMENT_TEAM = KH4728P4N3;
				DYLIB_COMPATIBILITY_VERSION = 1;
				DYLIB_CURRENT_VERSION = 1;
				DYLIB_INSTALL_NAME_BASE = "@rpath";
				ENABLE_MODULE_VERIFIER = YES;
				GENERATE_INFOPLIST_FILE = YES;
				INFOPLIST_KEY_NSHumanReadableCopyright = "";
				INSTALL_PATH = "$(LOCAL_LIBRARY_DIR)/Frameworks";
				IPHONEOS_DEPLOYMENT_TARGET = 16.0;
				LD_RUNPATH_SEARCH_PATHS = (
					"$(inherited)",
					"@executable_path/Frameworks",
					"@loader_path/Frameworks",
				);
				MARKETING_VERSION = 1.0;
				MODULE_VERIFIER_SUPPORTED_LANGUAGES = "objective-c objective-c++";
				MODULE_VERIFIER_SUPPORTED_LANGUAGE_STANDARDS = "gnu17 gnu++20";
				PRODUCT_BUNDLE_IDENTIFIER = com.WaterdropSophon.BeautifulRandom;
				PRODUCT_NAME = "$(TARGET_NAME:c99extidentifier)";
				SKIP_INSTALL = YES;
				SWIFT_EMIT_LOC_STRINGS = YES;
				SWIFT_INSTALL_OBJC_HEADER = NO;
				SWIFT_VERSION = 5.0;
				TARGETED_DEVICE_FAMILY = "1,2";
			};
			name = Release;
		};
		384D2FC72D7D8BE2007E3821 /* Debug */ = {
			isa = XCBuildConfiguration;
			buildSettings = {
				ALWAYS_EMBED_SWIFT_STANDARD_LIBRARIES = YES;
				CODE_SIGN_STYLE = Automatic;
				CURRENT_PROJECT_VERSION = 1;
				DEVELOPMENT_TEAM = KH4728P4N3;
				GENERATE_INFOPLIST_FILE = YES;
				IPHONEOS_DEPLOYMENT_TARGET = 16.0;
				MARKETING_VERSION = 1.0;
				PRODUCT_BUNDLE_IDENTIFIER = com.WaterdropSophon.BeautifulRandomTests;
				PRODUCT_NAME = "$(TARGET_NAME)";
				SWIFT_EMIT_LOC_STRINGS = NO;
				SWIFT_VERSION = 5.0;
				TARGETED_DEVICE_FAMILY = "1,2";
			};
			name = Debug;
		};
		384D2FC82D7D8BE2007E3821 /* Release */ = {
			isa = XCBuildConfiguration;
			buildSettings = {
				ALWAYS_EMBED_SWIFT_STANDARD_LIBRARIES = YES;
				CODE_SIGN_STYLE = Automatic;
				CURRENT_PROJECT_VERSION = 1;
				DEVELOPMENT_TEAM = KH4728P4N3;
				GENERATE_INFOPLIST_FILE = YES;
				IPHONEOS_DEPLOYMENT_TARGET = 16.0;
				MARKETING_VERSION = 1.0;
				PRODUCT_BUNDLE_IDENTIFIER = com.WaterdropSophon.BeautifulRandomTests;
				PRODUCT_NAME = "$(TARGET_NAME)";
				SWIFT_EMIT_LOC_STRINGS = NO;
				SWIFT_VERSION = 5.0;
				TARGETED_DEVICE_FAMILY = "1,2";
			};
			name = Release;
		};
		384D2FF92D7D8FFF007E3821 /* Debug */ = {
			isa = XCBuildConfiguration;
			buildSettings = {
				ASSETCATALOG_COMPILER_APPICON_NAME = AppIcon;
				ASSETCATALOG_COMPILER_GLOBAL_ACCENT_COLOR_NAME = AccentColor;
				CODE_SIGN_STYLE = Automatic;
				CURRENT_PROJECT_VERSION = 1;
				DEVELOPMENT_ASSET_PATHS = "\"BeautifulRandomExamples/Preview Content\"";
				DEVELOPMENT_TEAM = KH4728P4N3;
				ENABLE_PREVIEWS = YES;
				GENERATE_INFOPLIST_FILE = YES;
				INFOPLIST_KEY_UIApplicationSceneManifest_Generation = YES;
				INFOPLIST_KEY_UIApplicationSupportsIndirectInputEvents = YES;
				INFOPLIST_KEY_UILaunchScreen_Generation = YES;
				INFOPLIST_KEY_UISupportedInterfaceOrientations_iPad = "UIInterfaceOrientationPortrait UIInterfaceOrientationPortraitUpsideDown UIInterfaceOrientationLandscapeLeft UIInterfaceOrientationLandscapeRight";
				INFOPLIST_KEY_UISupportedInterfaceOrientations_iPhone = "UIInterfaceOrientationPortrait UIInterfaceOrientationLandscapeLeft UIInterfaceOrientationLandscapeRight";
				IPHONEOS_DEPLOYMENT_TARGET = 16.0;
				LD_RUNPATH_SEARCH_PATHS = (
					"$(inherited)",
					"@executable_path/Frameworks",
				);
				MARKETING_VERSION = 1.0;
				PRODUCT_BUNDLE_IDENTIFIER = com.WaterdropSophon.BeautifulRandomExamples;
				PRODUCT_NAME = "$(TARGET_NAME)";
				SWIFT_EMIT_LOC_STRINGS = YES;
				SWIFT_VERSION = 5.0;
				TARGETED_DEVICE_FAMILY = "1,2";
			};
			name = Debug;
		};
		384D2FFA2D7D8FFF007E3821 /* Release */ = {
			isa = XCBuildConfiguration;
			buildSettings = {
				ASSETCATALOG_COMPILER_APPICON_NAME = AppIcon;
				ASSETCATALOG_COMPILER_GLOBAL_ACCENT_COLOR_NAME = AccentColor;
				CODE_SIGN_STYLE = Automatic;
				CURRENT_PROJECT_VERSION = 1;
				DEVELOPMENT_ASSET_PATHS = "\"BeautifulRandomExamples/Preview Content\"";
				DEVELOPMENT_TEAM = KH4728P4N3;
				ENABLE_PREVIEWS = YES;
				GENERATE_INFOPLIST_FILE = YES;
				INFOPLIST_KEY_UIApplicationSceneManifest_Generation = YES;
				INFOPLIST_KEY_UIApplicationSupportsIndirectInputEvents = YES;
				INFOPLIST_KEY_UILaunchScreen_Generation = YES;
				INFOPLIST_KEY_UISupportedInterfaceOrientations_iPad = "UIInterfaceOrientationPortrait UIInterfaceOrientationPortraitUpsideDown UIInterfaceOrientationLandscapeLeft UIInterfaceOrientationLandscapeRight";
				INFOPLIST_KEY_UISupportedInterfaceOrientations_iPhone = "UIInterfaceOrientationPortrait UIInterfaceOrientationLandscapeLeft UIInterfaceOrientationLandscapeRight";
				IPHONEOS_DEPLOYMENT_TARGET = 16.0;
				LD_RUNPATH_SEARCH_PATHS = (
					"$(inherited)",
					"@executable_path/Frameworks",
				);
				MARKETING_VERSION = 1.0;
				PRODUCT_BUNDLE_IDENTIFIER = com.WaterdropSophon.BeautifulRandomExamples;
				PRODUCT_NAME = "$(TARGET_NAME)";
				SWIFT_EMIT_LOC_STRINGS = YES;
				SWIFT_VERSION = 5.0;
				TARGETED_DEVICE_FAMILY = "1,2";
			};
			name = Release;
		};
/* End XCBuildConfiguration section */

/* Begin XCConfigurationList section */
		384D2FA92D7D8BE1007E3821 /* Build configuration list for PBXProject "BeautifulRandom" */ = {
			isa = XCConfigurationList;
			buildConfigurations = (
				384D2FC12D7D8BE2007E3821 /* Debug */,
				384D2FC22D7D8BE2007E3821 /* Release */,
			);
			defaultConfigurationIsVisible = 0;
			defaultConfigurationName = Release;
		};
		384D2FC32D7D8BE2007E3821 /* Build configuration list for PBXNativeTarget "BeautifulRandom" */ = {
			isa = XCConfigurationList;
			buildConfigurations = (
				384D2FC42D7D8BE2007E3821 /* Debug */,
				384D2FC52D7D8BE2007E3821 /* Release */,
			);
			defaultConfigurationIsVisible = 0;
			defaultConfigurationName = Release;
		};
		384D2FC62D7D8BE2007E3821 /* Build configuration list for PBXNativeTarget "BeautifulRandomTests" */ = {
			isa = XCConfigurationList;
			buildConfigurations = (
				384D2FC72D7D8BE2007E3821 /* Debug */,
				384D2FC82D7D8BE2007E3821 /* Release */,
			);
			defaultConfigurationIsVisible = 0;
			defaultConfigurationName = Release;
		};
		384D2FF82D7D8FFF007E3821 /* Build configuration list for PBXNativeTarget "BeautifulRandomExamples" */ = {
			isa = XCConfigurationList;
			buildConfigurations = (
				384D2FF92D7D8FFF007E3821 /* Debug */,
				384D2FFA2D7D8FFF007E3821 /* Release */,
			);
			defaultConfigurationIsVisible = 0;
			defaultConfigurationName = Release;
		};
/* End XCConfigurationList section */
	};
	rootObject = 384D2FA62D7D8BE1007E3821 /* Project object */;
}
